
Microsoft Visual Studio Solution File, Format Version 12.00
# Visual Studio Version 17
VisualStudioVersion = 17.11.35208.52
MinimumVisualStudioVersion = 10.0.40219.1
Project("{9A19103F-16F7-4668-BE54-9A1E7A4F7556}") = "BookAutomationApp", "BookAutomationApp.csproj", "{31C9D015-84B9-48B6-964B-2B5EA0C4B08B}"
EndProject
Global
	GlobalSection(SolutionConfigurationPlatforms) = preSolution
		Debug|Any CPU = Debug|Any CPU
		Release|Any CPU = Release|Any CPU
	EndGlobalSection
	GlobalSection(ProjectConfigurationPlatforms) = postSolution
		{31C9D015-84B9-48B6-964B-2B5EA0C4B08B}.Debug|Any CPU.ActiveCfg = Debug|Any CPU
		{31C9D015-84B9-48B6-964B-2B5EA0C4B08B}.Debug|Any CPU.Build.0 = Debug|Any CPU
		{31C9D015-84B9-48B6-964B-2B5EA0C4B08B}.Release|Any CPU.ActiveCfg = Release|Any CPU
		{31C9D015-84B9-48B6-964B-2B5EA0C4B08B}.Release|Any CPU.Build.0 = Release|Any CPU
	EndGlobalSection
	GlobalSection(SolutionProperties) = preSolution
		HideSolutionNode = FALSE
	EndGlobalSection
	GlobalSection(ExtensibilityGlobals) = postSolution
		SolutionGuid = {3EEAF461-2395-48C6-872C-1DC810505466}
	EndGlobalSection
EndGlobal
